
Microsoft Visual Studio Solution File, Format Version 12.00
# Visual Studio Version 16
VisualStudioVersion = 16.0.31112.23
MinimumVisualStudioVersion = 10.0.40219.1
Project("{9A19103F-16F7-4668-BE54-9A1E7A4F7556}") = "Desafio.Api.Titulos", "Desafio.Api.Titulos\Desafio.Api.Titulos.csproj", "{0F202835-A23B-4D52-9C6B-72383D6CE698}"
EndProject
Project("{FAE04EC0-301F-11D3-BF4B-00C04F79EFBC}") = "Desafio.Api.Titulos.Test", "Desafio.Api.Titulos.Test\Desafio.Api.Titulos.Test.csproj", "{E023A125-0E6B-4101-9B28-74A75A45B70C}"
EndProject
Global
	GlobalSection(SolutionConfigurationPlatforms) = preSolution
		Debug|Any CPU = Debug|Any CPU
		Release|Any CPU = Release|Any CPU
	EndGlobalSection
	GlobalSection(ProjectConfigurationPlatforms) = postSolution
		{0F202835-A23B-4D52-9C6B-72383D6CE698}.Debug|Any CPU.ActiveCfg = Debug|Any CPU
		{0F202835-A23B-4D52-9C6B-72383D6CE698}.Debug|Any CPU.Build.0 = Debug|Any CPU
		{0F202835-A23B-4D52-9C6B-72383D6CE698}.Release|Any CPU.ActiveCfg = Release|Any CPU
		{0F202835-A23B-4D52-9C6B-72383D6CE698}.Release|Any CPU.Build.0 = Release|Any CPU
		{E023A125-0E6B-4101-9B28-74A75A45B70C}.Debug|Any CPU.ActiveCfg = Debug|Any CPU
		{E023A125-0E6B-4101-9B28-74A75A45B70C}.Debug|Any CPU.Build.0 = Debug|Any CPU
		{E023A125-0E6B-4101-9B28-74A75A45B70C}.Release|Any CPU.ActiveCfg = Release|Any CPU
		{E023A125-0E6B-4101-9B28-74A75A45B70C}.Release|Any CPU.Build.0 = Release|Any CPU
	EndGlobalSection
	GlobalSection(SolutionProperties) = preSolution
		HideSolutionNode = FALSE
	EndGlobalSection
	GlobalSection(ExtensibilityGlobals) = postSolution
		SolutionGuid = {B81CFB70-0691-4A22-9BBF-B8D3AC3252F2}
	EndGlobalSection
EndGlobal
